// !$*UTF8*$!
{
	archiveVersion = 1;
	classes = {
	};
	objectVersion = 46;
	objects = {

/* Begin PBXBuildFile section */
		A3D414721A7D3A4100D8BC22 /* main.m in Sources */ = {isa = PBXBuildFile; fileRef = A3D414711A7D3A4100D8BC22 /* main.m */; };
		A3D414751A7D3A4100D8BC22 /* AppDelegate.m in Sources */ = {isa = PBXBuildFile; fileRef = A3D414741A7D3A4100D8BC22 /* AppDelegate.m */; };
		A3D414781A7D3A4100D8BC22 /* ViewController.m in Sources */ = {isa = PBXBuildFile; fileRef = A3D414771A7D3A4100D8BC22 /* ViewController.m */; };
		A3D4147B1A7D3A4100D8BC22 /* Main.storyboard in Resources */ = {isa = PBXBuildFile; fileRef = A3D414791A7D3A4100D8BC22 /* Main.storyboard */; };
		A3D4147D1A7D3A4100D8BC22 /* Images.xcassets in Resources */ = {isa = PBXBuildFile; fileRef = A3D4147C1A7D3A4100D8BC22 /* Images.xcassets */; };
		A3D414801A7D3A4100D8BC22 /* LaunchScreen.xib in Resources */ = {isa = PBXBuildFile; fileRef = A3D4147E1A7D3A4100D8BC22 /* LaunchScreen.xib */; };
		A3D4148C1A7D3A4100D8BC22 /* Prototype_SeanTests.m in Sources */ = {isa = PBXBuildFile; fileRef = A3D4148B1A7D3A4100D8BC22 /* Prototype_SeanTests.m */; };
/* End PBXBuildFile section */

/* Begin PBXContainerItemProxy section */
		A3D414861A7D3A4100D8BC22 /* PBXContainerItemProxy */ = {
			isa = PBXContainerItemProxy;
			containerPortal = A3D414641A7D3A4100D8BC22 /* Project object */;
			proxyType = 1;
			remoteGlobalIDString = A3D4146B1A7D3A4100D8BC22;
			remoteInfo = "Prototype-Sean";
		};
/* End PBXContainerItemProxy section */

/* Begin PBXFileReference section */
		A3D4146C1A7D3A4100D8BC22 /* Prototype-Sean.app */ = {isa = PBXFileReference; explicitFileType = wrapper.application; includeInIndex = 0; path = "Prototype-Sean.app"; sourceTree = BUILT_PRODUCTS_DIR; };
		A3D414701A7D3A4100D8BC22 /* Info.plist */ = {isa = PBXFileReference; lastKnownFileType = text.plist.xml; path = Info.plist; sourceTree = "<group>"; };
		A3D414711A7D3A4100D8BC22 /* main.m */ = {isa = PBXFileReference; lastKnownFileType = sourcecode.c.objc; path = main.m; sourceTree = "<group>"; };
		A3D414731A7D3A4100D8BC22 /* AppDelegate.h */ = {isa = PBXFileReference; lastKnownFileType = sourcecode.c.h; path = AppDelegate.h; sourceTree = "<group>"; };
		A3D414741A7D3A4100D8BC22 /* AppDelegate.m */ = {isa = PBXFileReference; lastKnownFileType = sourcecode.c.objc; path = AppDelegate.m; sourceTree = "<group>"; };
		A3D414761A7D3A4100D8BC22 /* ViewController.h */ = {isa = PBXFileReference; lastKnownFileType = sourcecode.c.h; path = ViewController.h; sourceTree = "<group>"; };
		A3D414771A7D3A4100D8BC22 /* ViewController.m */ = {isa = PBXFileReference; lastKnownFileType = sourcecode.c.objc; path = ViewController.m; sourceTree = "<group>"; };
		A3D4147A1A7D3A4100D8BC22 /* Base */ = {isa = PBXFileReference; lastKnownFileType = file.storyboard; name = Base; path = Base.lproj/Main.storyboard; sourceTree = "<group>"; };
		A3D4147C1A7D3A4100D8BC22 /* Images.xcassets */ = {isa = PBXFileReference; lastKnownFileType = folder.assetcatalog; path = Images.xcassets; sourceTree = "<group>"; };
		A3D4147F1A7D3A4100D8BC22 /* Base */ = {isa = PBXFileReference; lastKnownFileType = file.xib; name = Base; path = Base.lproj/LaunchScreen.xib; sourceTree = "<group>"; };
		A3D414851A7D3A4100D8BC22 /* Prototype-SeanTests.xctest */ = {isa = PBXFileReference; explicitFileType = wrapper.cfbundle; includeInIndex = 0; path = "Prototype-SeanTests.xctest"; sourceTree = BUILT_PRODUCTS_DIR; };
		A3D4148A1A7D3A4100D8BC22 /* Info.plist */ = {isa = PBXFileReference; lastKnownFileType = text.plist.xml; path = Info.plist; sourceTree = "<group>"; };
		A3D4148B1A7D3A4100D8BC22 /* Prototype_SeanTests.m */ = {isa = PBXFileReference; lastKnownFileType = sourcecode.c.objc; path = Prototype_SeanTests.m; sourceTree = "<group>"; };
/* End PBXFileReference section */

/* Begin PBXFrameworksBuildPhase section */
		A3D414691A7D3A4100D8BC22 /* Frameworks */ = {
			isa = PBXFrameworksBuildPhase;
			buildActionMask = 2147483647;
			files = (
			);
			runOnlyForDeploymentPostprocessing = 0;
		};
		A3D414821A7D3A4100D8BC22 /* Frameworks */ = {
			isa = PBXFrameworksBuildPhase;
			buildActionMask = 2147483647;
			files = (
			);
			runOnlyForDeploymentPostprocessing = 0;
		};
/* End PBXFrameworksBuildPhase section */

/* Begin PBXGroup section */
		A3D414631A7D3A4100D8BC22 = {
			isa = PBXGroup;
			children = (
				A3D4146E1A7D3A4100D8BC22 /* Prototype-Sean */,
				A3D414881A7D3A4100D8BC22 /* Prototype-SeanTests */,
				A3D4146D1A7D3A4100D8BC22 /* Products */,
			);
			sourceTree = "<group>";
		};
		A3D4146D1A7D3A4100D8BC22 /* Products */ = {
			isa = PBXGroup;
			children = (
				A3D4146C1A7D3A4100D8BC22 /* Prototype-Sean.app */,
				A3D414851A7D3A4100D8BC22 /* Prototype-SeanTests.xctest */,
			);
			name = Products;
			sourceTree = "<group>";
		};
		A3D4146E1A7D3A4100D8BC22 /* Prototype-Sean */ = {
			isa = PBXGroup;
			children = (
				A3D414731A7D3A4100D8BC22 /* AppDelegate.h */,
				A3D414741A7D3A4100D8BC22 /* AppDelegate.m */,
				A3D414761A7D3A4100D8BC22 /* ViewController.h */,
				A3D414771A7D3A4100D8BC22 /* ViewController.m */,
				A3D414791A7D3A4100D8BC22 /* Main.storyboard */,
				A3D4147C1A7D3A4100D8BC22 /* Images.xcassets */,
				A3D4147E1A7D3A4100D8BC22 /* LaunchScreen.xib */,
				A3D4146F1A7D3A4100D8BC22 /* Supporting Files */,
			);
			path = "Prototype-Sean";
			sourceTree = "<group>";
		};
		A3D4146F1A7D3A4100D8BC22 /* Supporting Files */ = {
			isa = PBXGroup;
			children = (
				A3D414701A7D3A4100D8BC22 /* Info.plist */,
				A3D414711A7D3A4100D8BC22 /* main.m */,
			);
			name = "Supporting Files";
			sourceTree = "<group>";
		};
		A3D414881A7D3A4100D8BC22 /* Prototype-SeanTests */ = {
			isa = PBXGroup;
			children = (
				A3D4148B1A7D3A4100D8BC22 /* Prototype_SeanTests.m */,
				A3D414891A7D3A4100D8BC22 /* Supporting Files */,
			);
			path = "Prototype-SeanTests";
			sourceTree = "<group>";
		};
		A3D414891A7D3A4100D8BC22 /* Supporting Files */ = {
			isa = PBXGroup;
			children = (
				A3D4148A1A7D3A4100D8BC22 /* Info.plist */,
			);
			name = "Supporting Files";
			sourceTree = "<group>";
		};
/* End PBXGroup section */

/* Begin PBXNativeTarget section */
		A3D4146B1A7D3A4100D8BC22 /* Prototype-Sean */ = {
			isa = PBXNativeTarget;
			buildConfigurationList = A3D4148F1A7D3A4200D8BC22 /* Build configuration list for PBXNativeTarget "Prototype-Sean" */;
			buildPhases = (
				A3D414681A7D3A4100D8BC22 /* Sources */,
				A3D414691A7D3A4100D8BC22 /* Frameworks */,
				A3D4146A1A7D3A4100D8BC22 /* Resources */,
			);
			buildRules = (
			);
			dependencies = (
			);
			name = "Prototype-Sean";
			productName = "Prototype-Sean";
			productReference = A3D4146C1A7D3A4100D8BC22 /* Prototype-Sean.app */;
			productType = "com.apple.product-type.application";
		};
		A3D414841A7D3A4100D8BC22 /* Prototype-SeanTests */ = {
			isa = PBXNativeTarget;
			buildConfigurationList = A3D414921A7D3A4200D8BC22 /* Build configuration list for PBXNativeTarget "Prototype-SeanTests" */;
			buildPhases = (
				A3D414811A7D3A4100D8BC22 /* Sources */,
				A3D414821A7D3A4100D8BC22 /* Frameworks */,
				A3D414831A7D3A4100D8BC22 /* Resources */,
			);
			buildRules = (
			);
			dependencies = (
				A3D414871A7D3A4100D8BC22 /* PBXTargetDependency */,
			);
			name = "Prototype-SeanTests";
			productName = "Prototype-SeanTests";
			productReference = A3D414851A7D3A4100D8BC22 /* Prototype-SeanTests.xctest */;
			productType = "com.apple.product-type.bundle.unit-test";
		};
/* End PBXNativeTarget section */

/* Begin PBXProject section */
		A3D414641A7D3A4100D8BC22 /* Project object */ = {
			isa = PBXProject;
			attributes = {
				LastUpgradeCheck = 0610;
				ORGANIZATIONNAME = "Sean Hickey";
				TargetAttributes = {
					A3D4146B1A7D3A4100D8BC22 = {
						CreatedOnToolsVersion = 6.1;
					};
					A3D414841A7D3A4100D8BC22 = {
						CreatedOnToolsVersion = 6.1;
						TestTargetID = A3D4146B1A7D3A4100D8BC22;
					};
				};
			};
			buildConfigurationList = A3D414671A7D3A4100D8BC22 /* Build configuration list for PBXProject "Prototype-Sean" */;
			compatibilityVersion = "Xcode 3.2";
			developmentRegion = English;
			hasScannedForEncodings = 0;
			knownRegions = (
				en,
				Base,
			);
			mainGroup = A3D414631A7D3A4100D8BC22;
			productRefGroup = A3D4146D1A7D3A4100D8BC22 /* Products */;
			projectDirPath = "";
			projectRoot = "";
			targets = (
				A3D4146B1A7D3A4100D8BC22 /* Prototype-Sean */,
				A3D414841A7D3A4100D8BC22 /* Prototype-SeanTests */,
			);
		};
/* End PBXProject section */

/* Begin PBXResourcesBuildPhase section */
		A3D4146A1A7D3A4100D8BC22 /* Resources */ = {
			isa = PBXResourcesBuildPhase;
			buildActionMask = 2147483647;
			files = (
				A3D4147B1A7D3A4100D8BC22 /* Main.storyboard in Resources */,
				A3D414801A7D3A4100D8BC22 /* LaunchScreen.xib in Resources */,
				A3D4147D1A7D3A4100D8BC22 /* Images.xcassets in Resources */,
			);
			runOnlyForDeploymentPostprocessing = 0;
		};
		A3D414831A7D3A4100D8BC22 /* Resources */ = {
			isa = PBXResourcesBuildPhase;
			buildActionMask = 2147483647;
			files = (
			);
			runOnlyForDeploymentPostprocessing = 0;
		};
/* End PBXResourcesBuildPhase section */

/* Begin PBXSourcesBuildPhase section */
		A3D414681A7D3A4100D8BC22 /* Sources */ = {
			isa = PBXSourcesBuildPhase;
			buildActionMask = 2147483647;
			files = (
				A3D414781A7D3A4100D8BC22 /* ViewController.m in Sources */,
				A3D414751A7D3A4100D8BC22 /* AppDelegate.m in Sources */,
				A3D414721A7D3A4100D8BC22 /* main.m in Sources */,
			);
			runOnlyForDeploymentPostprocessing = 0;
		};
		A3D414811A7D3A4100D8BC22 /* Sources */ = {
			isa = PBXSourcesBuildPhase;
			buildActionMask = 2147483647;
			files = (
				A3D4148C1A7D3A4100D8BC22 /* Prototype_SeanTests.m in Sources */,
			);
			runOnlyForDeploymentPostprocessing = 0;
		};
/* End PBXSourcesBuildPhase section */

/* Begin PBXTargetDependency section */
		A3D414871A7D3A4100D8BC22 /* PBXTargetDependency */ = {
			isa = PBXTargetDependency;
			target = A3D4146B1A7D3A4100D8BC22 /* Prototype-Sean */;
			targetProxy = A3D414861A7D3A4100D8BC22 /* PBXContainerItemProxy */;
		};
/* End PBXTargetDependency section */

/* Begin PBXVariantGroup section */
		A3D414791A7D3A4100D8BC22 /* Main.storyboard */ = {
			isa = PBXVariantGroup;
			children = (
				A3D4147A1A7D3A4100D8BC22 /* Base */,
			);
			name = Main.storyboard;
			sourceTree = "<group>";
		};
		A3D4147E1A7D3A4100D8BC22 /* LaunchScreen.xib */ = {
			isa = PBXVariantGroup;
			children = (
				A3D4147F1A7D3A4100D8BC22 /* Base */,
			);
			name = LaunchScreen.xib;
			sourceTree = "<group>";
		};
/* End PBXVariantGroup section */

/* Begin XCBuildConfiguration section */
		A3D4148D1A7D3A4200D8BC22 /* Debug */ = {
			isa = XCBuildConfiguration;
			buildSettings = {
				ALWAYS_SEARCH_USER_PATHS = NO;
				CLANG_CXX_LANGUAGE_STANDARD = "gnu++0x";
				CLANG_CXX_LIBRARY = "libc++";
				CLANG_ENABLE_MODULES = YES;
				CLANG_ENABLE_OBJC_ARC = YES;
				CLANG_WARN_BOOL_CONVERSION = YES;
				CLANG_WARN_CONSTANT_CONVERSION = YES;
				CLANG_WARN_DIRECT_OBJC_ISA_USAGE = YES_ERROR;
				CLANG_WARN_EMPTY_BODY = YES;
				CLANG_WARN_ENUM_CONVERSION = YES;
				CLANG_WARN_INT_CONVERSION = YES;
				CLANG_WARN_OBJC_ROOT_CLASS = YES_ERROR;
				CLANG_WARN_UNREACHABLE_CODE = YES;
				CLANG_WARN__DUPLICATE_METHOD_MATCH = YES;
				"CODE_SIGN_IDENTITY[sdk=iphoneos*]" = "iPhone Developer";
				COPY_PHASE_STRIP = NO;
				ENABLE_STRICT_OBJC_MSGSEND = YES;
				GCC_C_LANGUAGE_STANDARD = gnu99;
				GCC_DYNAMIC_NO_PIC = NO;
				GCC_OPTIMIZATION_LEVEL = 0;
				GCC_PREPROCESSOR_DEFINITIONS = (
					"DEBUG=1",
					"$(inherited)",
				);
				GCC_SYMBOLS_PRIVATE_EXTERN = NO;
				GCC_WARN_64_TO_32_BIT_CONVERSION = YES;
				GCC_WARN_ABOUT_RETURN_TYPE = YES_ERROR;
				GCC_WARN_UNDECLARED_SELECTOR = YES;
				GCC_WARN_UNINITIALIZED_AUTOS = YES_AGGRESSIVE;
				GCC_WARN_UNUSED_FUNCTION = YES;
				GCC_WARN_UNUSED_VARIABLE = YES;
				IPHONEOS_DEPLOYMENT_TARGET = 8.1;
				MTL_ENABLE_DEBUG_INFO = YES;
				ONLY_ACTIVE_ARCH = YES;
				SDKROOT = iphoneos;
				TARGETED_DEVICE_FAMILY = "1,2";
			};
			name = Debug;
		};
		A3D4148E1A7D3A4200D8BC22 /* Release */ = {
			isa = XCBuildConfiguration;
			buildSettings = {
				ALWAYS_SEARCH_USER_PATHS = NO;
				CLANG_CXX_LANGUAGE_STANDARD = "gnu++0x";
				CLANG_CXX_LIBRARY = "libc++";
				CLANG_ENABLE_MODULES = YES;
				CLANG_ENABLE_OBJC_ARC = YES;
				CLANG_WARN_BOOL_CONVERSION = YES;
				CLANG_WARN_CONSTANT_CONVERSION = YES;
				CLANG_WARN_DIRECT_OBJC_ISA_USAGE = YES_ERROR;
				CLANG_WARN_EMPTY_BODY = YES;
				CLANG_WARN_ENUM_CONVERSION = YES;
				CLANG_WARN_INT_CONVERSION = YES;
				CLANG_WARN_OBJC_ROOT_CLASS = YES_ERROR;
				CLANG_WARN_UNREACHABLE_CODE = YES;
				CLANG_WARN__DUPLICATE_METHOD_MATCH = YES;
				"CODE_SIGN_IDENTITY[sdk=iphoneos*]" = "iPhone Developer";
				COPY_PHASE_STRIP = YES;
				ENABLE_NS_ASSERTIONS = NO;
				ENABLE_STRICT_OBJC_MSGSEND = YES;
				GCC_C_LANGUAGE_STANDARD = gnu99;
				GCC_WARN_64_TO_32_BIT_CONVERSION = YES;
				GCC_WARN_ABOUT_RETURN_TYPE = YES_ERROR;
				GCC_WARN_UNDECLARED_SELECTOR = YES;
				GCC_WARN_UNINITIALIZED_AUTOS = YES_AGGRESSIVE;
				GCC_WARN_UNUSED_FUNCTION = YES;
				GCC_WARN_UNUSED_VARIABLE = YES;
				IPHONEOS_DEPLOYMENT_TARGET = 8.1;
				MTL_ENABLE_DEBUG_INFO = NO;
				SDKROOT = iphoneos;
				TARGETED_DEVICE_FAMILY = "1,2";
				VALIDATE_PRODUCT = YES;
			};
			name = Release;
		};
		A3D414901A7D3A4200D8BC22 /* Debug */ = {
			isa = XCBuildConfiguration;
			buildSettings = {
				ASSETCATALOG_COMPILER_APPICON_NAME = AppIcon;
				INFOPLIST_FILE = "Prototype-Sean/Info.plist";
				LD_RUNPATH_SEARCH_PATHS = "$(inherited) @executable_path/Frameworks";
				PRODUCT_NAME = "$(TARGET_NAME)";
			};
			name = Debug;
		};
		A3D414911A7D3A4200D8BC22 /* Release */ = {
			isa = XCBuildConfiguration;
			buildSettings = {
				ASSETCATALOG_COMPILER_APPICON_NAME = AppIcon;
				INFOPLIST_FILE = "Prototype-Sean/Info.plist";
				LD_RUNPATH_SEARCH_PATHS = "$(inherited) @executable_path/Frameworks";
				PRODUCT_NAME = "$(TARGET_NAME)";
			};
			name = Release;
		};
		A3D414931A7D3A4200D8BC22 /* Debug */ = {
			isa = XCBuildConfiguration;
			buildSettings = {
				BUNDLE_LOADER = "$(TEST_HOST)";
				FRAMEWORK_SEARCH_PATHS = (
					"$(SDKROOT)/Developer/Library/Frameworks",
					"$(inherited)",
				);
				GCC_PREPROCESSOR_DEFINITIONS = (
					"DEBUG=1",
					"$(inherited)",
				);
				INFOPLIST_FILE = "Prototype-SeanTests/Info.plist";
				LD_RUNPATH_SEARCH_PATHS = "$(inherited) @executable_path/Frameworks @loader_path/Frameworks";
				PRODUCT_NAME = "$(TARGET_NAME)";
				TEST_HOST = "$(BUILT_PRODUCTS_DIR)/Prototype-Sean.app/Prototype-Sean";
			};
			name = Debug;
		};
		A3D414941A7D3A4200D8BC22 /* Release */ = {
			isa = XCBuildConfiguration;
			buildSettings = {
				BUNDLE_LOADER = "$(TEST_HOST)";
				FRAMEWORK_SEARCH_PATHS = (
					"$(SDKROOT)/Developer/Library/Frameworks",
					"$(inherited)",
				);
				INFOPLIST_FILE = "Prototype-SeanTests/Info.plist";
				LD_RUNPATH_SEARCH_PATHS = "$(inherited) @executable_path/Frameworks @loader_path/Frameworks";
				PRODUCT_NAME = "$(TARGET_NAME)";
				TEST_HOST = "$(BUILT_PRODUCTS_DIR)/Prototype-Sean.app/Prototype-Sean";
			};
			name = Release;
		};
/* End XCBuildConfiguration section */

/* Begin XCConfigurationList section */
		A3D414671A7D3A4100D8BC22 /* Build configuration list for PBXProject "Prototype-Sean" */ = {
			isa = XCConfigurationList;
			buildConfigurations = (
				A3D4148D1A7D3A4200D8BC22 /* Debug */,
				A3D4148E1A7D3A4200D8BC22 /* Release */,
			);
			defaultConfigurationIsVisible = 0;
			defaultConfigurationName = Release;
		};
		A3D4148F1A7D3A4200D8BC22 /* Build configuration list for PBXNativeTarget "Prototype-Sean" */ = {
			isa = XCConfigurationList;
			buildConfigurations = (
				A3D414901A7D3A4200D8BC22 /* Debug */,
				A3D414911A7D3A4200D8BC22 /* Release */,
			);
			defaultConfigurationIsVisible = 0;
		};
		A3D414921A7D3A4200D8BC22 /* Build configuration list for PBXNativeTarget "Prototype-SeanTests" */ = {
			isa = XCConfigurationList;
			buildConfigurations = (
				A3D414931A7D3A4200D8BC22 /* Debug */,
				A3D414941A7D3A4200D8BC22 /* Release */,
			);
			defaultConfigurationIsVisible = 0;
		};
/* End XCConfigurationList section */
	};
	rootObject = A3D414641A7D3A4100D8BC22 /* Project object */;
}
